
Microsoft Visual Studio Solution File, Format Version 12.00
# Visual Studio Version 16
VisualStudioVersion = 16.0.32602.291
MinimumVisualStudioVersion = 10.0.40219.1
Project("{FAE04EC0-301F-11D3-BF4B-00C04F79EFBC}") = "StudentMvc", "StudentMvc\StudentMvc.csproj", "{3C195F49-D81F-40D1-BF4D-D29F3628AEE5}"
EndProject
Global
	GlobalSection(SolutionConfigurationPlatforms) = preSolution
		Debug|Any CPU = Debug|Any CPU
		Release|Any CPU = Release|Any CPU
	EndGlobalSection
	GlobalSection(ProjectConfigurationPlatforms) = postSolution
		{3C195F49-D81F-40D1-BF4D-D29F3628AEE5}.Debug|Any CPU.ActiveCfg = Debug|Any CPU
		{3C195F49-D81F-40D1-BF4D-D29F3628AEE5}.Debug|Any CPU.Build.0 = Debug|Any CPU
		{3C195F49-D81F-40D1-BF4D-D29F3628AEE5}.Release|Any CPU.ActiveCfg = Release|Any CPU
		{3C195F49-D81F-40D1-BF4D-D29F3628AEE5}.Release|Any CPU.Build.0 = Release|Any CPU
	EndGlobalSection
	GlobalSection(SolutionProperties) = preSolution
		HideSolutionNode = FALSE
	EndGlobalSection
	GlobalSection(ExtensibilityGlobals) = postSolution
		SolutionGuid = {1E233269-37FA-4158-A27B-13A47E8348AC}
	EndGlobalSection
EndGlobal
